
Microsoft Visual Studio Solution File, Format Version 12.00
# Visual Studio Version 17
VisualStudioVersion = 17.8.34330.188
MinimumVisualStudioVersion = 10.0.40219.1
Project("{FAE04EC0-301F-11D3-BF4B-00C04F79EFBC}") = "healthcheck", "healthcheck.csproj", "{12273648-5856-4189-94DD-4FB676528D84}"
EndProject
Global
	GlobalSection(SolutionConfigurationPlatforms) = preSolution
		Debug|Any CPU = Debug|Any CPU
		Release|Any CPU = Release|Any CPU
	EndGlobalSection
	GlobalSection(ProjectConfigurationPlatforms) = postSolution
		{12273648-5856-4189-94DD-4FB676528D84}.Debug|Any CPU.ActiveCfg = Debug|Any CPU
		{12273648-5856-4189-94DD-4FB676528D84}.Debug|Any CPU.Build.0 = Debug|Any CPU
		{12273648-5856-4189-94DD-4FB676528D84}.Release|Any CPU.ActiveCfg = Release|Any CPU
		{12273648-5856-4189-94DD-4FB676528D84}.Release|Any CPU.Build.0 = Release|Any CPU
	EndGlobalSection
	GlobalSection(SolutionProperties) = preSolution
		HideSolutionNode = FALSE
	EndGlobalSection
	GlobalSection(ExtensibilityGlobals) = postSolution
		SolutionGuid = {29B43E06-0DEF-4774-9345-C8EB48B9D9F1}
	EndGlobalSection
EndGlobal
